// !$*UTF8*$!
{
	archiveVersion = 1;
	classes = {
	};
	objectVersion = 77;
	objects = {

/* Begin PBXBuildFile section */
		1C7831232F26AD3A00AFD7F5 /* GroceryItem.swift in Sources */ = {isa = PBXBuildFile; fileRef = 1C7830F12F26AD3A00AFD7F5 /* GroceryItem.swift */; };
		1C7831242F26AD3A00AFD7F5 /* AppDelegate.swift in Sources */ = {isa = PBXBuildFile; fileRef = 1C7830F32F26AD3A00AFD7F5 /* AppDelegate.swift */; };
		1C7831252F26AD3A00AFD7F5 /* AppManager.swift in Sources */ = {isa = PBXBuildFile; fileRef = 1C7830F42F26AD3A00AFD7F5 /* AppManager.swift */; };
		1C7831262F26AD3A00AFD7F5 /* SmartShopperApp.swift in Sources */ = {isa = PBXBuildFile; fileRef = 1C7830F52F26AD3A00AFD7F5 /* SmartShopperApp.swift */; };
		1C7831272F26AD3A00AFD7F5 /* CheckboxView.swift in Sources */ = {isa = PBXBuildFile; fileRef = 1C7830F72F26AD3A00AFD7F5 /* CheckboxView.swift */; };
		1C7831282F26AD3A00AFD7F5 /* DateFormatter+ext.swift in Sources */ = {isa = PBXBuildFile; fileRef = 1C7830F92F26AD3A00AFD7F5 /* DateFormatter+ext.swift */; };
		1C7831292F26AD3A00AFD7F5 /* MockGroceryRepository.swift in Sources */ = {isa = PBXBuildFile; fileRef = 1C7830FB2F26AD3A00AFD7F5 /* MockGroceryRepository.swift */; };
		1C78312A2F26AD3A00AFD7F5 /* PreviewMockedData.swift in Sources */ = {isa = PBXBuildFile; fileRef = 1C7830FD2F26AD3A00AFD7F5 /* PreviewMockedData.swift */; };
		1C78312B2F26AD3A00AFD7F5 /* PreviewModelContainer.swift in Sources */ = {isa = PBXBuildFile; fileRef = 1C7830FE2F26AD3A00AFD7F5 /* PreviewModelContainer.swift */; };
		1C78312C2F26AD3A00AFD7F5 /* GroceryRepository.swift in Sources */ = {isa = PBXBuildFile; fileRef = 1C7831002F26AD3A00AFD7F5 /* GroceryRepository.swift */; };
		1C78312D2F26AD3A00AFD7F5 /* GroceryItemRow.swift in Sources */ = {isa = PBXBuildFile; fileRef = 1C7831052F26AD3A00AFD7F5 /* GroceryItemRow.swift */; };
		1C78312E2F26AD3A00AFD7F5 /* GroceryListViewModel.swift in Sources */ = {isa = PBXBuildFile; fileRef = 1C7831062F26AD3A00AFD7F5 /* GroceryListViewModel.swift */; };
		1C78312F2F26AD3A00AFD7F5 /* HomeView.swift in Sources */ = {isa = PBXBuildFile; fileRef = 1C7831072F26AD3A00AFD7F5 /* HomeView.swift */; };
		1C7831302F26AD3A00AFD7F5 /* ManageItemsView.swift in Sources */ = {isa = PBXBuildFile; fileRef = 1C7831092F26AD3A00AFD7F5 /* ManageItemsView.swift */; };
		1C7831312F26AD3A00AFD7F5 /* ReorderItemsView.swift in Sources */ = {isa = PBXBuildFile; fileRef = 1C78310B2F26AD3A00AFD7F5 /* ReorderItemsView.swift */; };
		1C7831322F26AD3A00AFD7F5 /* TabsView.swift in Sources */ = {isa = PBXBuildFile; fileRef = 1C78310D2F26AD3A00AFD7F5 /* TabsView.swift */; };
		1C7831332F26AD3A00AFD7F5 /* KeyValueStorageKey.swift in Sources */ = {isa = PBXBuildFile; fileRef = 1C7831102F26AD3A00AFD7F5 /* KeyValueStorageKey.swift */; };
		1C7831342F26AD3A00AFD7F5 /* LocalStorageAdapter.swift in Sources */ = {isa = PBXBuildFile; fileRef = 1C7831112F26AD3A00AFD7F5 /* LocalStorageAdapter.swift */; };
		1C7831352F26AD3A00AFD7F5 /* UserDefaultsStorageAdapter.swift in Sources */ = {isa = PBXBuildFile; fileRef = 1C7831122F26AD3A00AFD7F5 /* UserDefaultsStorageAdapter.swift */; };
		1C7831362F26AD3A00AFD7F5 /* SwiftDataGroceryItem.swift in Sources */ = {isa = PBXBuildFile; fileRef = 1C7831142F26AD3A00AFD7F5 /* SwiftDataGroceryItem.swift */; };
		1C7831372F26AD3A00AFD7F5 /* SwiftDataGroceryStore.swift in Sources */ = {isa = PBXBuildFile; fileRef = 1C7831152F26AD3A00AFD7F5 /* SwiftDataGroceryStore.swift */; };
		1C7831382F26AD3A00AFD7F5 /* ModelContainerProvider.swift in Sources */ = {isa = PBXBuildFile; fileRef = 1C7831172F26AD3A00AFD7F5 /* ModelContainerProvider.swift */; };
		1C7831392F26AD3A00AFD7F5 /* SwiftDataGroceryDataSource.swift in Sources */ = {isa = PBXBuildFile; fileRef = 1C7831182F26AD3A00AFD7F5 /* SwiftDataGroceryDataSource.swift */; };
		1C78313A2F26AD3A00AFD7F5 /* FirebaseService.swift in Sources */ = {isa = PBXBuildFile; fileRef = 1C78311A2F26AD3A00AFD7F5 /* FirebaseService.swift */; };
		1C78313B2F26AD3A00AFD7F5 /* GroceryDataSourceProtocol.swift in Sources */ = {isa = PBXBuildFile; fileRef = 1C78311B2F26AD3A00AFD7F5 /* GroceryDataSourceProtocol.swift */; };
		1C78313C2F26AD3A00AFD7F5 /* AppDateFormatter.swift in Sources */ = {isa = PBXBuildFile; fileRef = 1C78311D2F26AD3A00AFD7F5 /* AppDateFormatter.swift */; };
		1C78313D2F26AD3A00AFD7F5 /* AppLogger.swift in Sources */ = {isa = PBXBuildFile; fileRef = 1C78311E2F26AD3A00AFD7F5 /* AppLogger.swift */; };
		1C78313E2F26AD3A00AFD7F5 /* EmojiProvider.swift in Sources */ = {isa = PBXBuildFile; fileRef = 1C78311F2F26AD3A00AFD7F5 /* EmojiProvider.swift */; };
		1C78313F2F26AD3A00AFD7F5 /* GroceryEmojiMap.swift in Sources */ = {isa = PBXBuildFile; fileRef = 1C7831202F26AD3A00AFD7F5 /* GroceryEmojiMap.swift */; };
		1C7831402F26AD3A00AFD7F5 /* Preview Assets.xcassets in Resources */ = {isa = PBXBuildFile; fileRef = 1C7830FC2F26AD3A00AFD7F5 /* Preview Assets.xcassets */; };
		1C7831412F26AD3A00AFD7F5 /* Assets.xcassets in Resources */ = {isa = PBXBuildFile; fileRef = 1C7831022F26AD3A00AFD7F5 /* Assets.xcassets */; };
		1C7831422F26AD3A00AFD7F5 /* GoogleService-Info.plist in Resources */ = {isa = PBXBuildFile; fileRef = 1C7831032F26AD3A00AFD7F5 /* GoogleService-Info.plist */; };
/* End PBXBuildFile section */

/* Begin PBXContainerItemProxy section */
		1CBC44732DC8CD42001A3418 /* PBXContainerItemProxy */ = {
			isa = PBXContainerItemProxy;
			containerPortal = 1CBC445D2DC8CD40001A3418 /* Project object */;
			proxyType = 1;
			remoteGlobalIDString = 1CBC44642DC8CD40001A3418;
			remoteInfo = SmartShopper;
		};
		1CBC447D2DC8CD42001A3418 /* PBXContainerItemProxy */ = {
			isa = PBXContainerItemProxy;
			containerPortal = 1CBC445D2DC8CD40001A3418 /* Project object */;
			proxyType = 1;
			remoteGlobalIDString = 1CBC44642DC8CD40001A3418;
			remoteInfo = SmartShopper;
		};
/* End PBXContainerItemProxy section */

/* Begin PBXFileReference section */
		1C7830F12F26AD3A00AFD7F5 /* GroceryItem.swift */ = {isa = PBXFileReference; lastKnownFileType = sourcecode.swift; path = GroceryItem.swift; sourceTree = "<group>"; };
		1C7830F32F26AD3A00AFD7F5 /* AppDelegate.swift */ = {isa = PBXFileReference; lastKnownFileType = sourcecode.swift; path = AppDelegate.swift; sourceTree = "<group>"; };
		1C7830F42F26AD3A00AFD7F5 /* AppManager.swift */ = {isa = PBXFileReference; lastKnownFileType = sourcecode.swift; path = AppManager.swift; sourceTree = "<group>"; };
		1C7830F52F26AD3A00AFD7F5 /* SmartShopperApp.swift */ = {isa = PBXFileReference; lastKnownFileType = sourcecode.swift; path = SmartShopperApp.swift; sourceTree = "<group>"; };
		1C7830F72F26AD3A00AFD7F5 /* CheckboxView.swift */ = {isa = PBXFileReference; lastKnownFileType = sourcecode.swift; path = CheckboxView.swift; sourceTree = "<group>"; };
		1C7830F92F26AD3A00AFD7F5 /* DateFormatter+ext.swift */ = {isa = PBXFileReference; lastKnownFileType = sourcecode.swift; path = "DateFormatter+ext.swift"; sourceTree = "<group>"; };
		1C7830FB2F26AD3A00AFD7F5 /* MockGroceryRepository.swift */ = {isa = PBXFileReference; lastKnownFileType = sourcecode.swift; path = MockGroceryRepository.swift; sourceTree = "<group>"; };
		1C7830FC2F26AD3A00AFD7F5 /* Preview Assets.xcassets */ = {isa = PBXFileReference; lastKnownFileType = folder.assetcatalog; path = "Preview Assets.xcassets"; sourceTree = "<group>"; };
		1C7830FD2F26AD3A00AFD7F5 /* PreviewMockedData.swift */ = {isa = PBXFileReference; lastKnownFileType = sourcecode.swift; path = PreviewMockedData.swift; sourceTree = "<group>"; };
		1C7830FE2F26AD3A00AFD7F5 /* PreviewModelContainer.swift */ = {isa = PBXFileReference; lastKnownFileType = sourcecode.swift; path = PreviewModelContainer.swift; sourceTree = "<group>"; };
		1C7831002F26AD3A00AFD7F5 /* GroceryRepository.swift */ = {isa = PBXFileReference; lastKnownFileType = sourcecode.swift; path = GroceryRepository.swift; sourceTree = "<group>"; };
		1C7831022F26AD3A00AFD7F5 /* Assets.xcassets */ = {isa = PBXFileReference; lastKnownFileType = folder.assetcatalog; path = Assets.xcassets; sourceTree = "<group>"; };
		1C7831032F26AD3A00AFD7F5 /* GoogleService-Info.plist */ = {isa = PBXFileReference; lastKnownFileType = text.plist.xml; path = "GoogleService-Info.plist"; sourceTree = "<group>"; };
		1C7831052F26AD3A00AFD7F5 /* GroceryItemRow.swift */ = {isa = PBXFileReference; lastKnownFileType = sourcecode.swift; path = GroceryItemRow.swift; sourceTree = "<group>"; };
		1C7831062F26AD3A00AFD7F5 /* GroceryListViewModel.swift */ = {isa = PBXFileReference; lastKnownFileType = sourcecode.swift; path = GroceryListViewModel.swift; sourceTree = "<group>"; };
		1C7831072F26AD3A00AFD7F5 /* HomeView.swift */ = {isa = PBXFileReference; lastKnownFileType = sourcecode.swift; path = HomeView.swift; sourceTree = "<group>"; };
		1C7831092F26AD3A00AFD7F5 /* ManageItemsView.swift */ = {isa = PBXFileReference; lastKnownFileType = sourcecode.swift; path = ManageItemsView.swift; sourceTree = "<group>"; };
		1C78310B2F26AD3A00AFD7F5 /* ReorderItemsView.swift */ = {isa = PBXFileReference; lastKnownFileType = sourcecode.swift; path = ReorderItemsView.swift; sourceTree = "<group>"; };
		1C78310D2F26AD3A00AFD7F5 /* TabsView.swift */ = {isa = PBXFileReference; lastKnownFileType = sourcecode.swift; path = TabsView.swift; sourceTree = "<group>"; };
		1C7831102F26AD3A00AFD7F5 /* KeyValueStorageKey.swift */ = {isa = PBXFileReference; lastKnownFileType = sourcecode.swift; path = KeyValueStorageKey.swift; sourceTree = "<group>"; };
		1C7831112F26AD3A00AFD7F5 /* LocalStorageAdapter.swift */ = {isa = PBXFileReference; lastKnownFileType = sourcecode.swift; path = LocalStorageAdapter.swift; sourceTree = "<group>"; };
		1C7831122F26AD3A00AFD7F5 /* UserDefaultsStorageAdapter.swift */ = {isa = PBXFileReference; lastKnownFileType = sourcecode.swift; path = UserDefaultsStorageAdapter.swift; sourceTree = "<group>"; };
		1C7831142F26AD3A00AFD7F5 /* SwiftDataGroceryItem.swift */ = {isa = PBXFileReference; lastKnownFileType = sourcecode.swift; path = SwiftDataGroceryItem.swift; sourceTree = "<group>"; };
		1C7831152F26AD3A00AFD7F5 /* SwiftDataGroceryStore.swift */ = {isa = PBXFileReference; lastKnownFileType = sourcecode.swift; path = SwiftDataGroceryStore.swift; sourceTree = "<group>"; };
		1C7831172F26AD3A00AFD7F5 /* ModelContainerProvider.swift */ = {isa = PBXFileReference; lastKnownFileType = sourcecode.swift; path = ModelContainerProvider.swift; sourceTree = "<group>"; };
		1C7831182F26AD3A00AFD7F5 /* SwiftDataGroceryDataSource.swift */ = {isa = PBXFileReference; lastKnownFileType = sourcecode.swift; path = SwiftDataGroceryDataSource.swift; sourceTree = "<group>"; };
		1C78311A2F26AD3A00AFD7F5 /* FirebaseService.swift */ = {isa = PBXFileReference; lastKnownFileType = sourcecode.swift; path = FirebaseService.swift; sourceTree = "<group>"; };
		1C78311B2F26AD3A00AFD7F5 /* GroceryDataSourceProtocol.swift */ = {isa = PBXFileReference; lastKnownFileType = sourcecode.swift; path = GroceryDataSourceProtocol.swift; sourceTree = "<group>"; };
		1C78311D2F26AD3A00AFD7F5 /* AppDateFormatter.swift */ = {isa = PBXFileReference; lastKnownFileType = sourcecode.swift; path = AppDateFormatter.swift; sourceTree = "<group>"; };
		1C78311E2F26AD3A00AFD7F5 /* AppLogger.swift */ = {isa = PBXFileReference; lastKnownFileType = sourcecode.swift; path = AppLogger.swift; sourceTree = "<group>"; };
		1C78311F2F26AD3A00AFD7F5 /* EmojiProvider.swift */ = {isa = PBXFileReference; lastKnownFileType = sourcecode.swift; path = EmojiProvider.swift; sourceTree = "<group>"; };
		1C7831202F26AD3A00AFD7F5 /* GroceryEmojiMap.swift */ = {isa = PBXFileReference; lastKnownFileType = sourcecode.swift; path = GroceryEmojiMap.swift; sourceTree = "<group>"; };
		1CBC44652DC8CD40001A3418 /* SmartShopper.app */ = {isa = PBXFileReference; explicitFileType = wrapper.application; includeInIndex = 0; path = SmartShopper.app; sourceTree = BUILT_PRODUCTS_DIR; };
		1CBC44722DC8CD42001A3418 /* SmartShopperTests.xctest */ = {isa = PBXFileReference; explicitFileType = wrapper.cfbundle; includeInIndex = 0; path = SmartShopperTests.xctest; sourceTree = BUILT_PRODUCTS_DIR; };
		1CBC447C2DC8CD42001A3418 /* SmartShopperUITests.xctest */ = {isa = PBXFileReference; explicitFileType = wrapper.cfbundle; includeInIndex = 0; path = SmartShopperUITests.xctest; sourceTree = BUILT_PRODUCTS_DIR; };
/* End PBXFileReference section */

/* Begin PBXFileSystemSynchronizedRootGroup section */
		1CBC44752DC8CD42001A3418 /* SmartShopperTests */ = {
			isa = PBXFileSystemSynchronizedRootGroup;
			path = SmartShopperTests;
			sourceTree = "<group>";
		};
		1CBC447F2DC8CD42001A3418 /* SmartShopperUITests */ = {
			isa = PBXFileSystemSynchronizedRootGroup;
			path = SmartShopperUITests;
			sourceTree = "<group>";
		};
/* End PBXFileSystemSynchronizedRootGroup section */

/* Begin PBXFrameworksBuildPhase section */
		1CBC44622DC8CD40001A3418 /* Frameworks */ = {
			isa = PBXFrameworksBuildPhase;
			buildActionMask = 2147483647;
			files = (
			);
			runOnlyForDeploymentPostprocessing = 0;
		};
		1CBC446F2DC8CD42001A3418 /* Frameworks */ = {
			isa = PBXFrameworksBuildPhase;
			buildActionMask = 2147483647;
			files = (
			);
			runOnlyForDeploymentPostprocessing = 0;
		};
		1CBC44792DC8CD42001A3418 /* Frameworks */ = {
			isa = PBXFrameworksBuildPhase;
			buildActionMask = 2147483647;
			files = (
			);
			runOnlyForDeploymentPostprocessing = 0;
		};
/* End PBXFrameworksBuildPhase section */

/* Begin PBXGroup section */
		1C7830F22F26AD3A00AFD7F5 /* MainModel */ = {
			isa = PBXGroup;
			children = (
				1C7830F12F26AD3A00AFD7F5 /* GroceryItem.swift */,
			);
			path = MainModel;
			sourceTree = "<group>";
		};
		1C7830F62F26AD3A00AFD7F5 /* App */ = {
			isa = PBXGroup;
			children = (
				1C7830F22F26AD3A00AFD7F5 /* MainModel */,
				1C7830F32F26AD3A00AFD7F5 /* AppDelegate.swift */,
				1C7830F42F26AD3A00AFD7F5 /* AppManager.swift */,
				1C7830F52F26AD3A00AFD7F5 /* SmartShopperApp.swift */,
			);
			path = App;
			sourceTree = "<group>";
		};
		1C7830F82F26AD3A00AFD7F5 /* Components */ = {
			isa = PBXGroup;
			children = (
				1C7830F72F26AD3A00AFD7F5 /* CheckboxView.swift */,
			);
			path = Components;
			sourceTree = "<group>";
		};
		1C7830FA2F26AD3A00AFD7F5 /* Extensions */ = {
			isa = PBXGroup;
			children = (
				1C7830F92F26AD3A00AFD7F5 /* DateFormatter+ext.swift */,
			);
			path = Extensions;
			sourceTree = "<group>";
		};
		1C7830FF2F26AD3A00AFD7F5 /* Preview Content */ = {
			isa = PBXGroup;
			children = (
				1C7830FB2F26AD3A00AFD7F5 /* MockGroceryRepository.swift */,
				1C7830FC2F26AD3A00AFD7F5 /* Preview Assets.xcassets */,
				1C7830FD2F26AD3A00AFD7F5 /* PreviewMockedData.swift */,
				1C7830FE2F26AD3A00AFD7F5 /* PreviewModelContainer.swift */,
			);
			path = "Preview Content";
			sourceTree = "<group>";
		};
		1C7831012F26AD3A00AFD7F5 /* Repositories */ = {
			isa = PBXGroup;
			children = (
				1C7831002F26AD3A00AFD7F5 /* GroceryRepository.swift */,
			);
			path = Repositories;
			sourceTree = "<group>";
		};
		1C7831042F26AD3A00AFD7F5 /* Resources */ = {
			isa = PBXGroup;
			children = (
				1C7831022F26AD3A00AFD7F5 /* Assets.xcassets */,
				1C7831032F26AD3A00AFD7F5 /* GoogleService-Info.plist */,
			);
			path = Resources;
			sourceTree = "<group>";
		};
		1C7831082F26AD3A00AFD7F5 /* Home */ = {
			isa = PBXGroup;
			children = (
				1C7831072F26AD3A00AFD7F5 /* HomeView.swift */,
				1C7831052F26AD3A00AFD7F5 /* GroceryItemRow.swift */,
				1C7831062F26AD3A00AFD7F5 /* GroceryListViewModel.swift */,
			);
			path = Home;
			sourceTree = "<group>";
		};
		1C78310A2F26AD3A00AFD7F5 /* ManageItems */ = {
			isa = PBXGroup;
			children = (
				1C7831092F26AD3A00AFD7F5 /* ManageItemsView.swift */,
			);
			path = ManageItems;
			sourceTree = "<group>";
		};
		1C78310C2F26AD3A00AFD7F5 /* ReorderItems */ = {
			isa = PBXGroup;
			children = (
				1C78310B2F26AD3A00AFD7F5 /* ReorderItemsView.swift */,
			);
			path = ReorderItems;
			sourceTree = "<group>";
		};
		1C78310E2F26AD3A00AFD7F5 /* Tabs */ = {
			isa = PBXGroup;
			children = (
				1C78310D2F26AD3A00AFD7F5 /* TabsView.swift */,
			);
			path = Tabs;
			sourceTree = "<group>";
		};
		1C78310F2F26AD3A00AFD7F5 /* Scenes */ = {
			isa = PBXGroup;
			children = (
				1C7831082F26AD3A00AFD7F5 /* Home */,
				1C78310A2F26AD3A00AFD7F5 /* ManageItems */,
				1C78310C2F26AD3A00AFD7F5 /* ReorderItems */,
				1C78310E2F26AD3A00AFD7F5 /* Tabs */,
			);
			path = Scenes;
			sourceTree = "<group>";
		};
		1C7831132F26AD3A00AFD7F5 /* LocalStorage */ = {
			isa = PBXGroup;
			children = (
				1C7831102F26AD3A00AFD7F5 /* KeyValueStorageKey.swift */,
				1C7831112F26AD3A00AFD7F5 /* LocalStorageAdapter.swift */,
				1C7831122F26AD3A00AFD7F5 /* UserDefaultsStorageAdapter.swift */,
			);
			path = LocalStorage;
			sourceTree = "<group>";
		};
		1C7831162F26AD3A00AFD7F5 /* Model */ = {
			isa = PBXGroup;
			children = (
				1C7831142F26AD3A00AFD7F5 /* SwiftDataGroceryItem.swift */,
				1C7831152F26AD3A00AFD7F5 /* SwiftDataGroceryStore.swift */,
			);
			path = Model;
			sourceTree = "<group>";
		};
		1C7831192F26AD3A00AFD7F5 /* SwiftData */ = {
			isa = PBXGroup;
			children = (
				1C7831162F26AD3A00AFD7F5 /* Model */,
				1C7831172F26AD3A00AFD7F5 /* ModelContainerProvider.swift */,
				1C7831182F26AD3A00AFD7F5 /* SwiftDataGroceryDataSource.swift */,
			);
			path = SwiftData;
			sourceTree = "<group>";
		};
		1C78311C2F26AD3A00AFD7F5 /* Services */ = {
			isa = PBXGroup;
			children = (
				1C7831132F26AD3A00AFD7F5 /* LocalStorage */,
				1C7831192F26AD3A00AFD7F5 /* SwiftData */,
				1C78311A2F26AD3A00AFD7F5 /* FirebaseService.swift */,
				1C78311B2F26AD3A00AFD7F5 /* GroceryDataSourceProtocol.swift */,
			);
			path = Services;
			sourceTree = "<group>";
		};
		1C7831212F26AD3A00AFD7F5 /* Utils */ = {
			isa = PBXGroup;
			children = (
				1C78311D2F26AD3A00AFD7F5 /* AppDateFormatter.swift */,
				1C78311E2F26AD3A00AFD7F5 /* AppLogger.swift */,
				1C78311F2F26AD3A00AFD7F5 /* EmojiProvider.swift */,
				1C7831202F26AD3A00AFD7F5 /* GroceryEmojiMap.swift */,
			);
			path = Utils;
			sourceTree = "<group>";
		};
		1C7831222F26AD3A00AFD7F5 /* SmartShopper */ = {
			isa = PBXGroup;
			children = (
				1C78310F2F26AD3A00AFD7F5 /* Scenes */,
				1C7830F62F26AD3A00AFD7F5 /* App */,
				1C7830F82F26AD3A00AFD7F5 /* Components */,
				1C7830FA2F26AD3A00AFD7F5 /* Extensions */,
				1C7830FF2F26AD3A00AFD7F5 /* Preview Content */,
				1C7831012F26AD3A00AFD7F5 /* Repositories */,
				1C7831042F26AD3A00AFD7F5 /* Resources */,
				1C78311C2F26AD3A00AFD7F5 /* Services */,
				1C7831212F26AD3A00AFD7F5 /* Utils */,
			);
			path = SmartShopper;
			sourceTree = "<group>";
		};
		1CBC445C2DC8CD40001A3418 = {
			isa = PBXGroup;
			children = (
				1C7831222F26AD3A00AFD7F5 /* SmartShopper */,
				1CBC44752DC8CD42001A3418 /* SmartShopperTests */,
				1CBC447F2DC8CD42001A3418 /* SmartShopperUITests */,
				1CBC44662DC8CD40001A3418 /* Products */,
			);
			sourceTree = "<group>";
		};
		1CBC44662DC8CD40001A3418 /* Products */ = {
			isa = PBXGroup;
			children = (
				1CBC44652DC8CD40001A3418 /* SmartShopper.app */,
				1CBC44722DC8CD42001A3418 /* SmartShopperTests.xctest */,
				1CBC447C2DC8CD42001A3418 /* SmartShopperUITests.xctest */,
			);
			name = Products;
			sourceTree = "<group>";
		};
/* End PBXGroup section */

/* Begin PBXNativeTarget section */
		1CBC44642DC8CD40001A3418 /* SmartShopper */ = {
			isa = PBXNativeTarget;
			buildConfigurationList = 1CBC44862DC8CD42001A3418 /* Build configuration list for PBXNativeTarget "SmartShopper" */;
			buildPhases = (
				1CBC44612DC8CD40001A3418 /* Sources */,
				1CBC44622DC8CD40001A3418 /* Frameworks */,
				1CBC44632DC8CD40001A3418 /* Resources */,
				1CBC44912DC8D6FD001A3418 /* ShellScript */,
			);
			buildRules = (
			);
			dependencies = (
			);
			name = SmartShopper;
			packageProductDependencies = (
			);
			productName = SmartShopper;
			productReference = 1CBC44652DC8CD40001A3418 /* SmartShopper.app */;
			productType = "com.apple.product-type.application";
		};
		1CBC44712DC8CD42001A3418 /* SmartShopperTests */ = {
			isa = PBXNativeTarget;
			buildConfigurationList = 1CBC44892DC8CD42001A3418 /* Build configuration list for PBXNativeTarget "SmartShopperTests" */;
			buildPhases = (
				1CBC446E2DC8CD42001A3418 /* Sources */,
				1CBC446F2DC8CD42001A3418 /* Frameworks */,
				1CBC44702DC8CD42001A3418 /* Resources */,
			);
			buildRules = (
			);
			dependencies = (
				1CBC44742DC8CD42001A3418 /* PBXTargetDependency */,
			);
			fileSystemSynchronizedGroups = (
				1CBC44752DC8CD42001A3418 /* SmartShopperTests */,
			);
			name = SmartShopperTests;
			packageProductDependencies = (
			);
			productName = SmartShopperTests;
			productReference = 1CBC44722DC8CD42001A3418 /* SmartShopperTests.xctest */;
			productType = "com.apple.product-type.bundle.unit-test";
		};
		1CBC447B2DC8CD42001A3418 /* SmartShopperUITests */ = {
			isa = PBXNativeTarget;
			buildConfigurationList = 1CBC448C2DC8CD42001A3418 /* Build configuration list for PBXNativeTarget "SmartShopperUITests" */;
			buildPhases = (
				1CBC44782DC8CD42001A3418 /* Sources */,
				1CBC44792DC8CD42001A3418 /* Frameworks */,
				1CBC447A2DC8CD42001A3418 /* Resources */,
			);
			buildRules = (
			);
			dependencies = (
				1CBC447E2DC8CD42001A3418 /* PBXTargetDependency */,
			);
			fileSystemSynchronizedGroups = (
				1CBC447F2DC8CD42001A3418 /* SmartShopperUITests */,
			);
			name = SmartShopperUITests;
			packageProductDependencies = (
			);
			productName = SmartShopperUITests;
			productReference = 1CBC447C2DC8CD42001A3418 /* SmartShopperUITests.xctest */;
			productType = "com.apple.product-type.bundle.ui-testing";
		};
/* End PBXNativeTarget section */

/* Begin PBXProject section */
		1CBC445D2DC8CD40001A3418 /* Project object */ = {
			isa = PBXProject;
			attributes = {
				BuildIndependentTargetsInParallel = 1;
				LastSwiftUpdateCheck = 1630;
				LastUpgradeCheck = 1630;
				TargetAttributes = {
					1CBC44642DC8CD40001A3418 = {
						CreatedOnToolsVersion = 16.3;
					};
					1CBC44712DC8CD42001A3418 = {
						CreatedOnToolsVersion = 16.3;
						TestTargetID = 1CBC44642DC8CD40001A3418;
					};
					1CBC447B2DC8CD42001A3418 = {
						CreatedOnToolsVersion = 16.3;
						TestTargetID = 1CBC44642DC8CD40001A3418;
					};
				};
			};
			buildConfigurationList = 1CBC44602DC8CD40001A3418 /* Build configuration list for PBXProject "SmartShopper" */;
			developmentRegion = en;
			hasScannedForEncodings = 0;
			knownRegions = (
				en,
				Base,
			);
			mainGroup = 1CBC445C2DC8CD40001A3418;
			minimizedProjectReferenceProxies = 1;
			packageReferences = (
			);
			preferredProjectObjectVersion = 77;
			productRefGroup = 1CBC44662DC8CD40001A3418 /* Products */;
			projectDirPath = "";
			projectRoot = "";
			targets = (
				1CBC44642DC8CD40001A3418 /* SmartShopper */,
				1CBC44712DC8CD42001A3418 /* SmartShopperTests */,
				1CBC447B2DC8CD42001A3418 /* SmartShopperUITests */,
			);
		};
/* End PBXProject section */

/* Begin PBXResourcesBuildPhase section */
		1CBC44632DC8CD40001A3418 /* Resources */ = {
			isa = PBXResourcesBuildPhase;
			buildActionMask = 2147483647;
			files = (
				1C7831402F26AD3A00AFD7F5 /* Preview Assets.xcassets in Resources */,
				1C7831412F26AD3A00AFD7F5 /* Assets.xcassets in Resources */,
				1C7831422F26AD3A00AFD7F5 /* GoogleService-Info.plist in Resources */,
			);
			runOnlyForDeploymentPostprocessing = 0;
		};
		1CBC44702DC8CD42001A3418 /* Resources */ = {
			isa = PBXResourcesBuildPhase;
			buildActionMask = 2147483647;
			files = (
			);
			runOnlyForDeploymentPostprocessing = 0;
		};
		1CBC447A2DC8CD42001A3418 /* Resources */ = {
			isa = PBXResourcesBuildPhase;
			buildActionMask = 2147483647;
			files = (
			);
			runOnlyForDeploymentPostprocessing = 0;
		};
/* End PBXResourcesBuildPhase section */

/* Begin PBXShellScriptBuildPhase section */
		1CBC44912DC8D6FD001A3418 /* ShellScript */ = {
			isa = PBXShellScriptBuildPhase;
			alwaysOutOfDate = 1;
			buildActionMask = 2147483647;
			files = (
			);
			inputFileListPaths = (
			);
			inputPaths = (
			);
			outputFileListPaths = (
			);
			outputPaths = (
			);
			runOnlyForDeploymentPostprocessing = 0;
			shellPath = /bin/sh;
			shellScript = "if test -d \"/opt/homebrew/bin/\"; then\n  PATH=\"/opt/homebrew/bin/:${PATH}\"\nfi\n\nexport PATH\n\nif which swiftlint >/dev/null; then\n  swiftlint\nelse\n  echo \"warning: SwiftLint not installed, download from https://github.com/realm/SwiftLint\"\nfi\n";
			showEnvVarsInLog = 0;
		};
/* End PBXShellScriptBuildPhase section */

/* Begin PBXSourcesBuildPhase section */
		1CBC44612DC8CD40001A3418 /* Sources */ = {
			isa = PBXSourcesBuildPhase;
			buildActionMask = 2147483647;
			files = (
				1C7831232F26AD3A00AFD7F5 /* GroceryItem.swift in Sources */,
				1C7831242F26AD3A00AFD7F5 /* AppDelegate.swift in Sources */,
				1C7831252F26AD3A00AFD7F5 /* AppManager.swift in Sources */,
				1C7831262F26AD3A00AFD7F5 /* SmartShopperApp.swift in Sources */,
				1C7831272F26AD3A00AFD7F5 /* CheckboxView.swift in Sources */,
				1C7831282F26AD3A00AFD7F5 /* DateFormatter+ext.swift in Sources */,
				1C7831292F26AD3A00AFD7F5 /* MockGroceryRepository.swift in Sources */,
				1C78312A2F26AD3A00AFD7F5 /* PreviewMockedData.swift in Sources */,
				1C78312B2F26AD3A00AFD7F5 /* PreviewModelContainer.swift in Sources */,
				1C78312C2F26AD3A00AFD7F5 /* GroceryRepository.swift in Sources */,
				1C78312D2F26AD3A00AFD7F5 /* GroceryItemRow.swift in Sources */,
				1C78312E2F26AD3A00AFD7F5 /* GroceryListViewModel.swift in Sources */,
				1C78312F2F26AD3A00AFD7F5 /* HomeView.swift in Sources */,
				1C7831302F26AD3A00AFD7F5 /* ManageItemsView.swift in Sources */,
				1C7831312F26AD3A00AFD7F5 /* ReorderItemsView.swift in Sources */,
				1C7831322F26AD3A00AFD7F5 /* TabsView.swift in Sources */,
				1C7831332F26AD3A00AFD7F5 /* KeyValueStorageKey.swift in Sources */,
				1C7831342F26AD3A00AFD7F5 /* LocalStorageAdapter.swift in Sources */,
				1C7831352F26AD3A00AFD7F5 /* UserDefaultsStorageAdapter.swift in Sources */,
				1C7831362F26AD3A00AFD7F5 /* SwiftDataGroceryItem.swift in Sources */,
				1C7831372F26AD3A00AFD7F5 /* SwiftDataGroceryStore.swift in Sources */,
				1C7831382F26AD3A00AFD7F5 /* ModelContainerProvider.swift in Sources */,
				1C7831392F26AD3A00AFD7F5 /* SwiftDataGroceryDataSource.swift in Sources */,
				1C78313A2F26AD3A00AFD7F5 /* FirebaseService.swift in Sources */,
				1C78313B2F26AD3A00AFD7F5 /* GroceryDataSourceProtocol.swift in Sources */,
				1C78313C2F26AD3A00AFD7F5 /* AppDateFormatter.swift in Sources */,
				1C78313D2F26AD3A00AFD7F5 /* AppLogger.swift in Sources */,
				1C78313E2F26AD3A00AFD7F5 /* EmojiProvider.swift in Sources */,
				1C78313F2F26AD3A00AFD7F5 /* GroceryEmojiMap.swift in Sources */,
			);
			runOnlyForDeploymentPostprocessing = 0;
		};
		1CBC446E2DC8CD42001A3418 /* Sources */ = {
			isa = PBXSourcesBuildPhase;
			buildActionMask = 2147483647;
			files = (
			);
			runOnlyForDeploymentPostprocessing = 0;
		};
		1CBC44782DC8CD42001A3418 /* Sources */ = {
			isa = PBXSourcesBuildPhase;
			buildActionMask = 2147483647;
			files = (
			);
			runOnlyForDeploymentPostprocessing = 0;
		};
/* End PBXSourcesBuildPhase section */

/* Begin PBXTargetDependency section */
		1CBC44742DC8CD42001A3418 /* PBXTargetDependency */ = {
			isa = PBXTargetDependency;
			target = 1CBC44642DC8CD40001A3418 /* SmartShopper */;
			targetProxy = 1CBC44732DC8CD42001A3418 /* PBXContainerItemProxy */;
		};
		1CBC447E2DC8CD42001A3418 /* PBXTargetDependency */ = {
			isa = PBXTargetDependency;
			target = 1CBC44642DC8CD40001A3418 /* SmartShopper */;
			targetProxy = 1CBC447D2DC8CD42001A3418 /* PBXContainerItemProxy */;
		};
/* End PBXTargetDependency section */

/* Begin XCBuildConfiguration section */
		1CBC44842DC8CD42001A3418 /* Debug */ = {
			isa = XCBuildConfiguration;
			buildSettings = {
				ALWAYS_SEARCH_USER_PATHS = NO;
				ASSETCATALOG_COMPILER_GENERATE_SWIFT_ASSET_SYMBOL_EXTENSIONS = YES;
				CLANG_ANALYZER_NONNULL = YES;
				CLANG_ANALYZER_NUMBER_OBJECT_CONVERSION = YES_AGGRESSIVE;
				CLANG_CXX_LANGUAGE_STANDARD = "gnu++20";
				CLANG_ENABLE_MODULES = YES;
				CLANG_ENABLE_OBJC_ARC = YES;
				CLANG_ENABLE_OBJC_WEAK = YES;
				CLANG_WARN_BLOCK_CAPTURE_AUTORELEASING = YES;
				CLANG_WARN_BOOL_CONVERSION = YES;
				CLANG_WARN_COMMA = YES;
				CLANG_WARN_CONSTANT_CONVERSION = YES;
				CLANG_WARN_DEPRECATED_OBJC_IMPLEMENTATIONS = YES;
				CLANG_WARN_DIRECT_OBJC_ISA_USAGE = YES_ERROR;
				CLANG_WARN_DOCUMENTATION_COMMENTS = YES;
				CLANG_WARN_EMPTY_BODY = YES;
				CLANG_WARN_ENUM_CONVERSION = YES;
				CLANG_WARN_INFINITE_RECURSION = YES;
				CLANG_WARN_INT_CONVERSION = YES;
				CLANG_WARN_NON_LITERAL_NULL_CONVERSION = YES;
				CLANG_WARN_OBJC_IMPLICIT_RETAIN_SELF = YES;
				CLANG_WARN_OBJC_LITERAL_CONVERSION = YES;
				CLANG_WARN_OBJC_ROOT_CLASS = YES_ERROR;
				CLANG_WARN_QUOTED_INCLUDE_IN_FRAMEWORK_HEADER = YES;
				CLANG_WARN_RANGE_LOOP_ANALYSIS = YES;
				CLANG_WARN_STRICT_PROTOTYPES = YES;
				CLANG_WARN_SUSPICIOUS_MOVE = YES;
				CLANG_WARN_UNGUARDED_AVAILABILITY = YES_AGGRESSIVE;
				CLANG_WARN_UNREACHABLE_CODE = YES;
				CLANG_WARN__DUPLICATE_METHOD_MATCH = YES;
				COPY_PHASE_STRIP = NO;
				DEBUG_INFORMATION_FORMAT = dwarf;
				DEVELOPMENT_TEAM = 663DYMD95T;
				ENABLE_STRICT_OBJC_MSGSEND = YES;
				ENABLE_TESTABILITY = YES;
				ENABLE_USER_SCRIPT_SANDBOXING = YES;
				GCC_C_LANGUAGE_STANDARD = gnu17;
				GCC_DYNAMIC_NO_PIC = NO;
				GCC_NO_COMMON_BLOCKS = YES;
				GCC_OPTIMIZATION_LEVEL = 0;
				GCC_PREPROCESSOR_DEFINITIONS = (
					"DEBUG=1",
					"$(inherited)",
				);
				GCC_WARN_64_TO_32_BIT_CONVERSION = YES;
				GCC_WARN_ABOUT_RETURN_TYPE = YES_ERROR;
				GCC_WARN_UNDECLARED_SELECTOR = YES;
				GCC_WARN_UNINITIALIZED_AUTOS = YES_AGGRESSIVE;
				GCC_WARN_UNUSED_FUNCTION = YES;
				GCC_WARN_UNUSED_VARIABLE = YES;
				IPHONEOS_DEPLOYMENT_TARGET = 18.4;
				LOCALIZATION_PREFERS_STRING_CATALOGS = YES;
				MTL_ENABLE_DEBUG_INFO = INCLUDE_SOURCE;
				MTL_FAST_MATH = YES;
				ONLY_ACTIVE_ARCH = YES;
				SDKROOT = iphoneos;
				SWIFT_ACTIVE_COMPILATION_CONDITIONS = "DEBUG $(inherited)";
				SWIFT_OPTIMIZATION_LEVEL = "-Onone";
			};
			name = Debug;
		};
		1CBC44852DC8CD42001A3418 /* Release */ = {
			isa = XCBuildConfiguration;
			buildSettings = {
				ALWAYS_SEARCH_USER_PATHS = NO;
				ASSETCATALOG_COMPILER_GENERATE_SWIFT_ASSET_SYMBOL_EXTENSIONS = YES;
				CLANG_ANALYZER_NONNULL = YES;
				CLANG_ANALYZER_NUMBER_OBJECT_CONVERSION = YES_AGGRESSIVE;
				CLANG_CXX_LANGUAGE_STANDARD = "gnu++20";
				CLANG_ENABLE_MODULES = YES;
				CLANG_ENABLE_OBJC_ARC = YES;
				CLANG_ENABLE_OBJC_WEAK = YES;
				CLANG_WARN_BLOCK_CAPTURE_AUTORELEASING = YES;
				CLANG_WARN_BOOL_CONVERSION = YES;
				CLANG_WARN_COMMA = YES;
				CLANG_WARN_CONSTANT_CONVERSION = YES;
				CLANG_WARN_DEPRECATED_OBJC_IMPLEMENTATIONS = YES;
				CLANG_WARN_DIRECT_OBJC_ISA_USAGE = YES_ERROR;
				CLANG_WARN_DOCUMENTATION_COMMENTS = YES;
				CLANG_WARN_EMPTY_BODY = YES;
				CLANG_WARN_ENUM_CONVERSION = YES;
				CLANG_WARN_INFINITE_RECURSION = YES;
				CLANG_WARN_INT_CONVERSION = YES;
				CLANG_WARN_NON_LITERAL_NULL_CONVERSION = YES;
				CLANG_WARN_OBJC_IMPLICIT_RETAIN_SELF = YES;
				CLANG_WARN_OBJC_LITERAL_CONVERSION = YES;
				CLANG_WARN_OBJC_ROOT_CLASS = YES_ERROR;
				CLANG_WARN_QUOTED_INCLUDE_IN_FRAMEWORK_HEADER = YES;
				CLANG_WARN_RANGE_LOOP_ANALYSIS = YES;
				CLANG_WARN_STRICT_PROTOTYPES = YES;
				CLANG_WARN_SUSPICIOUS_MOVE = YES;
				CLANG_WARN_UNGUARDED_AVAILABILITY = YES_AGGRESSIVE;
				CLANG_WARN_UNREACHABLE_CODE = YES;
				CLANG_WARN__DUPLICATE_METHOD_MATCH = YES;
				COPY_PHASE_STRIP = NO;
				DEBUG_INFORMATION_FORMAT = "dwarf-with-dsym";
				DEVELOPMENT_TEAM = 663DYMD95T;
				ENABLE_NS_ASSERTIONS = NO;
				ENABLE_STRICT_OBJC_MSGSEND = YES;
				ENABLE_USER_SCRIPT_SANDBOXING = YES;
				GCC_C_LANGUAGE_STANDARD = gnu17;
				GCC_NO_COMMON_BLOCKS = YES;
				GCC_WARN_64_TO_32_BIT_CONVERSION = YES;
				GCC_WARN_ABOUT_RETURN_TYPE = YES_ERROR;
				GCC_WARN_UNDECLARED_SELECTOR = YES;
				GCC_WARN_UNINITIALIZED_AUTOS = YES_AGGRESSIVE;
				GCC_WARN_UNUSED_FUNCTION = YES;
				GCC_WARN_UNUSED_VARIABLE = YES;
				IPHONEOS_DEPLOYMENT_TARGET = 18.4;
				LOCALIZATION_PREFERS_STRING_CATALOGS = YES;
				MTL_ENABLE_DEBUG_INFO = NO;
				MTL_FAST_MATH = YES;
				SDKROOT = iphoneos;
				SWIFT_COMPILATION_MODE = wholemodule;
				VALIDATE_PRODUCT = YES;
			};
			name = Release;
		};
		1CBC44872DC8CD42001A3418 /* Debug */ = {
			isa = XCBuildConfiguration;
			buildSettings = {
				ASSETCATALOG_COMPILER_APPICON_NAME = AppIcon;
				ASSETCATALOG_COMPILER_GLOBAL_ACCENT_COLOR_NAME = AccentColor;
				CODE_SIGN_STYLE = Automatic;
				CURRENT_PROJECT_VERSION = 1;
				DEVELOPMENT_ASSET_PATHS = "SmartShopper/Preview\\ Content SmartShopper/Preview\\ Content/PreviewMockedData.swift";
				DEVELOPMENT_TEAM = 663DYMD95T;
				ENABLE_PREVIEWS = YES;
				ENABLE_USER_SCRIPT_SANDBOXING = NO;
				GENERATE_INFOPLIST_FILE = YES;
				INFOPLIST_KEY_LSApplicationCategoryType = "public.app-category.food-and-drink";
				INFOPLIST_KEY_UIApplicationSceneManifest_Generation = YES;
				INFOPLIST_KEY_UIApplicationSupportsIndirectInputEvents = YES;
				INFOPLIST_KEY_UILaunchScreen_Generation = YES;
				INFOPLIST_KEY_UISupportedInterfaceOrientations = UIInterfaceOrientationPortrait;
				INFOPLIST_KEY_UISupportedInterfaceOrientations_iPad = "UIInterfaceOrientationLandscapeLeft UIInterfaceOrientationLandscapeRight UIInterfaceOrientationPortrait UIInterfaceOrientationPortraitUpsideDown";
				IPHONEOS_DEPLOYMENT_TARGET = 26.0;
				LD_RUNPATH_SEARCH_PATHS = (
					"$(inherited)",
					"@executable_path/Frameworks",
				);
				MARKETING_VERSION = 1.0;
				PRODUCT_BUNDLE_IDENTIFIER = alex.innovations.com.SmartShopper;
				PRODUCT_NAME = "$(TARGET_NAME)";
				SWIFT_EMIT_LOC_STRINGS = YES;
				SWIFT_STRICT_CONCURRENCY = complete;
				SWIFT_VERSION = 5.0;
				TARGETED_DEVICE_FAMILY = "1,2";
			};
			name = Debug;
		};
		1CBC44882DC8CD42001A3418 /* Release */ = {
			isa = XCBuildConfiguration;
			buildSettings = {
				ASSETCATALOG_COMPILER_APPICON_NAME = AppIcon;
				ASSETCATALOG_COMPILER_GLOBAL_ACCENT_COLOR_NAME = AccentColor;
				CODE_SIGN_STYLE = Automatic;
				CURRENT_PROJECT_VERSION = 1;
				DEVELOPMENT_ASSET_PATHS = "SmartShopper/Preview\\ Content SmartShopper/Preview\\ Content/PreviewMockedData.swift";
				DEVELOPMENT_TEAM = 663DYMD95T;
				ENABLE_PREVIEWS = YES;
				ENABLE_USER_SCRIPT_SANDBOXING = NO;
				GENERATE_INFOPLIST_FILE = YES;
				INFOPLIST_KEY_LSApplicationCategoryType = "public.app-category.food-and-drink";
				INFOPLIST_KEY_UIApplicationSceneManifest_Generation = YES;
				INFOPLIST_KEY_UIApplicationSupportsIndirectInputEvents = YES;
				INFOPLIST_KEY_UILaunchScreen_Generation = YES;
				INFOPLIST_KEY_UISupportedInterfaceOrientations = UIInterfaceOrientationPortrait;
				INFOPLIST_KEY_UISupportedInterfaceOrientations_iPad = "UIInterfaceOrientationLandscapeLeft UIInterfaceOrientationLandscapeRight UIInterfaceOrientationPortrait UIInterfaceOrientationPortraitUpsideDown";
				IPHONEOS_DEPLOYMENT_TARGET = 26.0;
				LD_RUNPATH_SEARCH_PATHS = (
					"$(inherited)",
					"@executable_path/Frameworks",
				);
				MARKETING_VERSION = 1.0;
				PRODUCT_BUNDLE_IDENTIFIER = alex.innovations.com.SmartShopper;
				PRODUCT_NAME = "$(TARGET_NAME)";
				SWIFT_EMIT_LOC_STRINGS = YES;
				SWIFT_STRICT_CONCURRENCY = complete;
				SWIFT_VERSION = 5.0;
				TARGETED_DEVICE_FAMILY = "1,2";
			};
			name = Release;
		};
		1CBC448A2DC8CD42001A3418 /* Debug */ = {
			isa = XCBuildConfiguration;
			buildSettings = {
				BUNDLE_LOADER = "$(TEST_HOST)";
				CODE_SIGN_STYLE = Automatic;
				CURRENT_PROJECT_VERSION = 1;
				DEVELOPMENT_TEAM = 663DYMD95T;
				GENERATE_INFOPLIST_FILE = YES;
				IPHONEOS_DEPLOYMENT_TARGET = 18.4;
				MARKETING_VERSION = 1.0;
				PRODUCT_BUNDLE_IDENTIFIER = alex.innovations.com.SmartShopperTests;
				PRODUCT_NAME = "$(TARGET_NAME)";
				SWIFT_EMIT_LOC_STRINGS = NO;
				SWIFT_VERSION = 5.0;
				TARGETED_DEVICE_FAMILY = "1,2";
				TEST_HOST = "$(BUILT_PRODUCTS_DIR)/SmartShopper.app/$(BUNDLE_EXECUTABLE_FOLDER_PATH)/SmartShopper";
			};
			name = Debug;
		};
		1CBC448B2DC8CD42001A3418 /* Release */ = {
			isa = XCBuildConfiguration;
			buildSettings = {
				BUNDLE_LOADER = "$(TEST_HOST)";
				CODE_SIGN_STYLE = Automatic;
				CURRENT_PROJECT_VERSION = 1;
				DEVELOPMENT_TEAM = 663DYMD95T;
				GENERATE_INFOPLIST_FILE = YES;
				IPHONEOS_DEPLOYMENT_TARGET = 18.4;
				MARKETING_VERSION = 1.0;
				PRODUCT_BUNDLE_IDENTIFIER = alex.innovations.com.SmartShopperTests;
				PRODUCT_NAME = "$(TARGET_NAME)";
				SWIFT_EMIT_LOC_STRINGS = NO;
				SWIFT_VERSION = 5.0;
				TARGETED_DEVICE_FAMILY = "1,2";
				TEST_HOST = "$(BUILT_PRODUCTS_DIR)/SmartShopper.app/$(BUNDLE_EXECUTABLE_FOLDER_PATH)/SmartShopper";
			};
			name = Release;
		};
		1CBC448D2DC8CD42001A3418 /* Debug */ = {
			isa = XCBuildConfiguration;
			buildSettings = {
				CODE_SIGN_STYLE = Automatic;
				CURRENT_PROJECT_VERSION = 1;
				DEVELOPMENT_TEAM = 663DYMD95T;
				GENERATE_INFOPLIST_FILE = YES;
				MARKETING_VERSION = 1.0;
				PRODUCT_BUNDLE_IDENTIFIER = alex.innovations.com.SmartShopperUITests;
				PRODUCT_NAME = "$(TARGET_NAME)";
				SWIFT_EMIT_LOC_STRINGS = NO;
				SWIFT_VERSION = 5.0;
				TARGETED_DEVICE_FAMILY = "1,2";
				TEST_TARGET_NAME = SmartShopper;
			};
			name = Debug;
		};
		1CBC448E2DC8CD42001A3418 /* Release */ = {
			isa = XCBuildConfiguration;
			buildSettings = {
				CODE_SIGN_STYLE = Automatic;
				CURRENT_PROJECT_VERSION = 1;
				DEVELOPMENT_TEAM = 663DYMD95T;
				GENERATE_INFOPLIST_FILE = YES;
				MARKETING_VERSION = 1.0;
				PRODUCT_BUNDLE_IDENTIFIER = alex.innovations.com.SmartShopperUITests;
				PRODUCT_NAME = "$(TARGET_NAME)";
				SWIFT_EMIT_LOC_STRINGS = NO;
				SWIFT_VERSION = 5.0;
				TARGETED_DEVICE_FAMILY = "1,2";
				TEST_TARGET_NAME = SmartShopper;
			};
			name = Release;
		};
/* End XCBuildConfiguration section */

/* Begin XCConfigurationList section */
		1CBC44602DC8CD40001A3418 /* Build configuration list for PBXProject "SmartShopper" */ = {
			isa = XCConfigurationList;
			buildConfigurations = (
				1CBC44842DC8CD42001A3418 /* Debug */,
				1CBC44852DC8CD42001A3418 /* Release */,
			);
			defaultConfigurationIsVisible = 0;
			defaultConfigurationName = Release;
		};
		1CBC44862DC8CD42001A3418 /* Build configuration list for PBXNativeTarget "SmartShopper" */ = {
			isa = XCConfigurationList;
			buildConfigurations = (
				1CBC44872DC8CD42001A3418 /* Debug */,
				1CBC44882DC8CD42001A3418 /* Release */,
			);
			defaultConfigurationIsVisible = 0;
			defaultConfigurationName = Release;
		};
		1CBC44892DC8CD42001A3418 /* Build configuration list for PBXNativeTarget "SmartShopperTests" */ = {
			isa = XCConfigurationList;
			buildConfigurations = (
				1CBC448A2DC8CD42001A3418 /* Debug */,
				1CBC448B2DC8CD42001A3418 /* Release */,
			);
			defaultConfigurationIsVisible = 0;
			defaultConfigurationName = Release;
		};
		1CBC448C2DC8CD42001A3418 /* Build configuration list for PBXNativeTarget "SmartShopperUITests" */ = {
			isa = XCConfigurationList;
			buildConfigurations = (
				1CBC448D2DC8CD42001A3418 /* Debug */,
				1CBC448E2DC8CD42001A3418 /* Release */,
			);
			defaultConfigurationIsVisible = 0;
			defaultConfigurationName = Release;
		};
/* End XCConfigurationList section */
	};
	rootObject = 1CBC445D2DC8CD40001A3418 /* Project object */;
}
